
Microsoft Visual Studio Solution File, Format Version 12.00
# Visual Studio 14
VisualStudioVersion = 14.0.25420.1
MinimumVisualStudioVersion = 10.0.40219.1
Project("{FAE04EC0-301F-11D3-BF4B-00C04F79EFBC}") = "UILib", "UILib\UILib.csproj", "{C91EDFA1-4683-429E-9DFA-62D3725E38E7}"
EndProject
Project("{FAE04EC0-301F-11D3-BF4B-00C04F79EFBC}") = "BizLib", "BizLib\BizLib.csproj", "{1F0137EA-0844-4DD5-8245-8F8AF98A8C29}"
EndProject
Project("{2150E333-8FDC-42A3-9474-1A3956D46DE8}") = "Tests", "Tests", "{93650E81-04A6-4F57-BB9E-3A88FF6427F7}"
EndProject
Project("{FAE04EC0-301F-11D3-BF4B-00C04F79EFBC}") = "BizLib.Test", "BizLib.Test\BizLib.Test.csproj", "{7E426583-E072-4899-9802-DCBC6D4D4597}"
EndProject
Project("{FAE04EC0-301F-11D3-BF4B-00C04F79EFBC}") = "UILib.Test", "UILib.Test\UILib.Test.csproj", "{038BCDDA-695F-4AA0-B48E-86C2FAB33C84}"
EndProject
Global
	GlobalSection(SolutionConfigurationPlatforms) = preSolution
		Debug|Any CPU = Debug|Any CPU
		Release|Any CPU = Release|Any CPU
	EndGlobalSection
	GlobalSection(ProjectConfigurationPlatforms) = postSolution
		{C91EDFA1-4683-429E-9DFA-62D3725E38E7}.Debug|Any CPU.ActiveCfg = Debug|Any CPU
		{C91EDFA1-4683-429E-9DFA-62D3725E38E7}.Debug|Any CPU.Build.0 = Debug|Any CPU
		{C91EDFA1-4683-429E-9DFA-62D3725E38E7}.Release|Any CPU.ActiveCfg = Release|Any CPU
		{C91EDFA1-4683-429E-9DFA-62D3725E38E7}.Release|Any CPU.Build.0 = Release|Any CPU
		{1F0137EA-0844-4DD5-8245-8F8AF98A8C29}.Debug|Any CPU.ActiveCfg = Debug|Any CPU
		{1F0137EA-0844-4DD5-8245-8F8AF98A8C29}.Debug|Any CPU.Build.0 = Debug|Any CPU
		{1F0137EA-0844-4DD5-8245-8F8AF98A8C29}.Release|Any CPU.ActiveCfg = Release|Any CPU
		{1F0137EA-0844-4DD5-8245-8F8AF98A8C29}.Release|Any CPU.Build.0 = Release|Any CPU
		{7E426583-E072-4899-9802-DCBC6D4D4597}.Debug|Any CPU.ActiveCfg = Debug|Any CPU
		{7E426583-E072-4899-9802-DCBC6D4D4597}.Debug|Any CPU.Build.0 = Debug|Any CPU
		{7E426583-E072-4899-9802-DCBC6D4D4597}.Release|Any CPU.ActiveCfg = Release|Any CPU
		{7E426583-E072-4899-9802-DCBC6D4D4597}.Release|Any CPU.Build.0 = Release|Any CPU
		{038BCDDA-695F-4AA0-B48E-86C2FAB33C84}.Debug|Any CPU.ActiveCfg = Debug|Any CPU
		{038BCDDA-695F-4AA0-B48E-86C2FAB33C84}.Debug|Any CPU.Build.0 = Debug|Any CPU
		{038BCDDA-695F-4AA0-B48E-86C2FAB33C84}.Release|Any CPU.ActiveCfg = Release|Any CPU
		{038BCDDA-695F-4AA0-B48E-86C2FAB33C84}.Release|Any CPU.Build.0 = Release|Any CPU
	EndGlobalSection
	GlobalSection(SolutionProperties) = preSolution
		HideSolutionNode = FALSE
	EndGlobalSection
	GlobalSection(NestedProjects) = preSolution
		{7E426583-E072-4899-9802-DCBC6D4D4597} = {93650E81-04A6-4F57-BB9E-3A88FF6427F7}
		{038BCDDA-695F-4AA0-B48E-86C2FAB33C84} = {93650E81-04A6-4F57-BB9E-3A88FF6427F7}
	EndGlobalSection
EndGlobal
